
Microsoft Visual Studio Solution File, Format Version 12.00
# Visual Studio Version 16
VisualStudioVersion = 16.0.30011.22
MinimumVisualStudioVersion = 10.0.40219.1
Project("{8BC9CEB8-8B4A-11D0-8D11-00A0C91BC942}") = "01_Initialize", "01_Initialize\01_Initialize.vcxproj", "{87BD1283-F055-4D22-91FF-CF9F956D4351}"
EndProject
Global
	GlobalSection(SolutionConfigurationPlatforms) = preSolution
		Debug|x64 = Debug|x64
		Debug|x86 = Debug|x86
		Release|x64 = Release|x64
		Release|x86 = Release|x86
	EndGlobalSection
	GlobalSection(ProjectConfigurationPlatforms) = postSolution
		{87BD1283-F055-4D22-91FF-CF9F956D4351}.Debug|x64.ActiveCfg = Debug|x64
		{87BD1283-F055-4D22-91FF-CF9F956D4351}.Debug|x64.Build.0 = Debug|x64
		{87BD1283-F055-4D22-91FF-CF9F956D4351}.Debug|x86.ActiveCfg = Debug|Win32
		{87BD1283-F055-4D22-91FF-CF9F956D4351}.Debug|x86.Build.0 = Debug|Win32
		{87BD1283-F055-4D22-91FF-CF9F956D4351}.Release|x64.ActiveCfg = Release|x64
		{87BD1283-F055-4D22-91FF-CF9F956D4351}.Release|x64.Build.0 = Release|x64
		{87BD1283-F055-4D22-91FF-CF9F956D4351}.Release|x86.ActiveCfg = Release|Win32
		{87BD1283-F055-4D22-91FF-CF9F956D4351}.Release|x86.Build.0 = Release|Win32
	EndGlobalSection
	GlobalSection(SolutionProperties) = preSolution
		HideSolutionNode = FALSE
	EndGlobalSection
	GlobalSection(ExtensibilityGlobals) = postSolution
		SolutionGuid = {11C9A4CF-9727-4EB0-BD0E-B05B44D736D1}
	EndGlobalSection
EndGlobal
